
Microsoft Visual Studio Solution File, Format Version 12.00
# Visual Studio Version 17
VisualStudioVersion = 17.9.34622.214
MinimumVisualStudioVersion = 10.0.40219.1
Project("{FAE04EC0-301F-11D3-BF4B-00C04F79EFBC}") = "WebApi2", "WebApi2\WebApi2.csproj", "{70592706-80EB-4BCD-8FFA-435D9B45F245}"
EndProject
Project("{FAE04EC0-301F-11D3-BF4B-00C04F79EFBC}") = "Entities", "Entities\Entities.csproj", "{F595205E-BA18-43CB-8CD3-3278C26E5CC6}"
EndProject
Project("{FAE04EC0-301F-11D3-BF4B-00C04F79EFBC}") = "Business", "Business\Business.csproj", "{AD9FE0B7-DC48-486A-A4A9-12789485AB96}"
EndProject
Project("{FAE04EC0-301F-11D3-BF4B-00C04F79EFBC}") = "DataAccess", "DataAccess\DataAccess.csproj", "{49C9B48C-C7C6-4C41-A9F4-E59BCDA1A7E9}"
EndProject
Project("{FAE04EC0-301F-11D3-BF4B-00C04F79EFBC}") = "Core", "Core\Core.csproj", "{0892ABA8-19B5-44CF-BFF4-F538E3D16B97}"
EndProject
Global
	GlobalSection(SolutionConfigurationPlatforms) = preSolution
		Debug|Any CPU = Debug|Any CPU
		Release|Any CPU = Release|Any CPU
	EndGlobalSection
	GlobalSection(ProjectConfigurationPlatforms) = postSolution
		{70592706-80EB-4BCD-8FFA-435D9B45F245}.Debug|Any CPU.ActiveCfg = Debug|Any CPU
		{70592706-80EB-4BCD-8FFA-435D9B45F245}.Debug|Any CPU.Build.0 = Debug|Any CPU
		{70592706-80EB-4BCD-8FFA-435D9B45F245}.Release|Any CPU.ActiveCfg = Release|Any CPU
		{70592706-80EB-4BCD-8FFA-435D9B45F245}.Release|Any CPU.Build.0 = Release|Any CPU
		{F595205E-BA18-43CB-8CD3-3278C26E5CC6}.Debug|Any CPU.ActiveCfg = Debug|Any CPU
		{F595205E-BA18-43CB-8CD3-3278C26E5CC6}.Debug|Any CPU.Build.0 = Debug|Any CPU
		{F595205E-BA18-43CB-8CD3-3278C26E5CC6}.Release|Any CPU.ActiveCfg = Release|Any CPU
		{F595205E-BA18-43CB-8CD3-3278C26E5CC6}.Release|Any CPU.Build.0 = Release|Any CPU
		{AD9FE0B7-DC48-486A-A4A9-12789485AB96}.Debug|Any CPU.ActiveCfg = Debug|Any CPU
		{AD9FE0B7-DC48-486A-A4A9-12789485AB96}.Debug|Any CPU.Build.0 = Debug|Any CPU
		{AD9FE0B7-DC48-486A-A4A9-12789485AB96}.Release|Any CPU.ActiveCfg = Release|Any CPU
		{AD9FE0B7-DC48-486A-A4A9-12789485AB96}.Release|Any CPU.Build.0 = Release|Any CPU
		{49C9B48C-C7C6-4C41-A9F4-E59BCDA1A7E9}.Debug|Any CPU.ActiveCfg = Debug|Any CPU
		{49C9B48C-C7C6-4C41-A9F4-E59BCDA1A7E9}.Debug|Any CPU.Build.0 = Debug|Any CPU
		{49C9B48C-C7C6-4C41-A9F4-E59BCDA1A7E9}.Release|Any CPU.ActiveCfg = Release|Any CPU
		{49C9B48C-C7C6-4C41-A9F4-E59BCDA1A7E9}.Release|Any CPU.Build.0 = Release|Any CPU
		{0892ABA8-19B5-44CF-BFF4-F538E3D16B97}.Debug|Any CPU.ActiveCfg = Debug|Any CPU
		{0892ABA8-19B5-44CF-BFF4-F538E3D16B97}.Debug|Any CPU.Build.0 = Debug|Any CPU
		{0892ABA8-19B5-44CF-BFF4-F538E3D16B97}.Release|Any CPU.ActiveCfg = Release|Any CPU
		{0892ABA8-19B5-44CF-BFF4-F538E3D16B97}.Release|Any CPU.Build.0 = Release|Any CPU
	EndGlobalSection
	GlobalSection(SolutionProperties) = preSolution
		HideSolutionNode = FALSE
	EndGlobalSection
	GlobalSection(ExtensibilityGlobals) = postSolution
		SolutionGuid = {B3F0AAAF-D713-4887-8EE6-EF39BDC3A8BE}
	EndGlobalSection
EndGlobal
